// !$*UTF8*$!
{
	archiveVersion = 1;
	classes = {
	};
	objectVersion = 46;
	objects = {

/* Begin PBXBuildFile section */
		127E7D511DEE5B0D0003FBBC /* main.m in Sources */ = {isa = PBXBuildFile; fileRef = 127E7D501DEE5B0D0003FBBC /* main.m */; };
		127E7D541DEE5B0D0003FBBC /* AppDelegate.m in Sources */ = {isa = PBXBuildFile; fileRef = 127E7D531DEE5B0D0003FBBC /* AppDelegate.m */; };
		127E7D571DEE5B0D0003FBBC /* ViewController.m in Sources */ = {isa = PBXBuildFile; fileRef = 127E7D561DEE5B0D0003FBBC /* ViewController.m */; };
		127E7D5A1DEE5B0D0003FBBC /* Main.storyboard in Resources */ = {isa = PBXBuildFile; fileRef = 127E7D581DEE5B0D0003FBBC /* Main.storyboard */; };
		127E7D5C1DEE5B0D0003FBBC /* Assets.xcassets in Resources */ = {isa = PBXBuildFile; fileRef = 127E7D5B1DEE5B0D0003FBBC /* Assets.xcassets */; };
		127E7D5F1DEE5B0D0003FBBC /* LaunchScreen.storyboard in Resources */ = {isa = PBXBuildFile; fileRef = 127E7D5D1DEE5B0D0003FBBC /* LaunchScreen.storyboard */; };
/* End PBXBuildFile section */

/* Begin PBXFileReference section */
		127E7D4C1DEE5B0D0003FBBC /* DatePicker.app */ = {isa = PBXFileReference; explicitFileType = wrapper.application; includeInIndex = 0; path = DatePicker.app; sourceTree = BUILT_PRODUCTS_DIR; };
		127E7D501DEE5B0D0003FBBC /* main.m */ = {isa = PBXFileReference; lastKnownFileType = sourcecode.c.objc; path = main.m; sourceTree = "<group>"; };
		127E7D521DEE5B0D0003FBBC /* AppDelegate.h */ = {isa = PBXFileReference; lastKnownFileType = sourcecode.c.h; path = AppDelegate.h; sourceTree = "<group>"; };
		127E7D531DEE5B0D0003FBBC /* AppDelegate.m */ = {isa = PBXFileReference; lastKnownFileType = sourcecode.c.objc; path = AppDelegate.m; sourceTree = "<group>"; };
		127E7D551DEE5B0D0003FBBC /* ViewController.h */ = {isa = PBXFileReference; lastKnownFileType = sourcecode.c.h; path = ViewController.h; sourceTree = "<group>"; };
		127E7D561DEE5B0D0003FBBC /* ViewController.m */ = {isa = PBXFileReference; lastKnownFileType = sourcecode.c.objc; path = ViewController.m; sourceTree = "<group>"; };
		127E7D591DEE5B0D0003FBBC /* Base */ = {isa = PBXFileReference; lastKnownFileType = file.storyboard; name = Base; path = Base.lproj/Main.storyboard; sourceTree = "<group>"; };
		127E7D5B1DEE5B0D0003FBBC /* Assets.xcassets */ = {isa = PBXFileReference; lastKnownFileType = folder.assetcatalog; path = Assets.xcassets; sourceTree = "<group>"; };
		127E7D5E1DEE5B0D0003FBBC /* Base */ = {isa = PBXFileReference; lastKnownFileType = file.storyboard; name = Base; path = Base.lproj/LaunchScreen.storyboard; sourceTree = "<group>"; };
		127E7D601DEE5B0D0003FBBC /* Info.plist */ = {isa = PBXFileReference; lastKnownFileType = text.plist.xml; path = Info.plist; sourceTree = "<group>"; };
/* End PBXFileReference section */

/* Begin PBXFrameworksBuildPhase section */
		127E7D491DEE5B0D0003FBBC /* Frameworks */ = {
			isa = PBXFrameworksBuildPhase;
			buildActionMask = 2147483647;
			files = (
			);
			runOnlyForDeploymentPostprocessing = 0;
		};
/* End PBXFrameworksBuildPhase section */

/* Begin PBXGroup section */
		127E7D431DEE5B0D0003FBBC = {
			isa = PBXGroup;
			children = (
				127E7D4E1DEE5B0D0003FBBC /* DatePicker */,
				127E7D4D1DEE5B0D0003FBBC /* Products */,
			);
			sourceTree = "<group>";
		};
		127E7D4D1DEE5B0D0003FBBC /* Products */ = {
			isa = PBXGroup;
			children = (
				127E7D4C1DEE5B0D0003FBBC /* DatePicker.app */,
			);
			name = Products;
			sourceTree = "<group>";
		};
		127E7D4E1DEE5B0D0003FBBC /* DatePicker */ = {
			isa = PBXGroup;
			children = (
				127E7D521DEE5B0D0003FBBC /* AppDelegate.h */,
				127E7D531DEE5B0D0003FBBC /* AppDelegate.m */,
				127E7D551DEE5B0D0003FBBC /* ViewController.h */,
				127E7D561DEE5B0D0003FBBC /* ViewController.m */,
				127E7D581DEE5B0D0003FBBC /* Main.storyboard */,
				127E7D5B1DEE5B0D0003FBBC /* Assets.xcassets */,
				127E7D5D1DEE5B0D0003FBBC /* LaunchScreen.storyboard */,
				127E7D601DEE5B0D0003FBBC /* Info.plist */,
				127E7D4F1DEE5B0D0003FBBC /* Supporting Files */,
			);
			path = DatePicker;
			sourceTree = "<group>";
		};
		127E7D4F1DEE5B0D0003FBBC /* Supporting Files */ = {
			isa = PBXGroup;
			children = (
				127E7D501DEE5B0D0003FBBC /* main.m */,
			);
			name = "Supporting Files";
			sourceTree = "<group>";
		};
/* End PBXGroup section */

/* Begin PBXNativeTarget section */
		127E7D4B1DEE5B0D0003FBBC /* DatePicker */ = {
			isa = PBXNativeTarget;
			buildConfigurationList = 127E7D631DEE5B0D0003FBBC /* Build configuration list for PBXNativeTarget "DatePicker" */;
			buildPhases = (
				127E7D481DEE5B0D0003FBBC /* Sources */,
				127E7D491DEE5B0D0003FBBC /* Frameworks */,
				127E7D4A1DEE5B0D0003FBBC /* Resources */,
			);
			buildRules = (
			);
			dependencies = (
			);
			name = DatePicker;
			productName = DatePicker;
			productReference = 127E7D4C1DEE5B0D0003FBBC /* DatePicker.app */;
			productType = "com.apple.product-type.application";
		};
/* End PBXNativeTarget section */

/* Begin PBXProject section */
		127E7D441DEE5B0D0003FBBC /* Project object */ = {
			isa = PBXProject;
			attributes = {
				LastUpgradeCheck = 0800;
				ORGANIZATIONNAME = YXT;
				TargetAttributes = {
					127E7D4B1DEE5B0D0003FBBC = {
						CreatedOnToolsVersion = 8.0;
						DevelopmentTeam = T6R7E23BTG;
						ProvisioningStyle = Automatic;
					};
				};
			};
			buildConfigurationList = 127E7D471DEE5B0D0003FBBC /* Build configuration list for PBXProject "DatePicker" */;
			compatibilityVersion = "Xcode 3.2";
			developmentRegion = English;
			hasScannedForEncodings = 0;
			knownRegions = (
				en,
				Base,
			);
			mainGroup = 127E7D431DEE5B0D0003FBBC;
			productRefGroup = 127E7D4D1DEE5B0D0003FBBC /* Products */;
			projectDirPath = "";
			projectRoot = "";
			targets = (
				127E7D4B1DEE5B0D0003FBBC /* DatePicker */,
			);
		};
/* End PBXProject section */

/* Begin PBXResourcesBuildPhase section */
		127E7D4A1DEE5B0D0003FBBC /* Resources */ = {
			isa = PBXResourcesBuildPhase;
			buildActionMask = 2147483647;
			files = (
				127E7D5F1DEE5B0D0003FBBC /* LaunchScreen.storyboard in Resources */,
				127E7D5C1DEE5B0D0003FBBC /* Assets.xcassets in Resources */,
				127E7D5A1DEE5B0D0003FBBC /* Main.storyboard in Resources */,
			);
			runOnlyForDeploymentPostprocessing = 0;
		};
/* End PBXResourcesBuildPhase section */

/* Begin PBXSourcesBuildPhase section */
		127E7D481DEE5B0D0003FBBC /* Sources */ = {
			isa = PBXSourcesBuildPhase;
			buildActionMask = 2147483647;
			files = (
				127E7D571DEE5B0D0003FBBC /* ViewController.m in Sources */,
				127E7D541DEE5B0D0003FBBC /* AppDelegate.m in Sources */,
				127E7D511DEE5B0D0003FBBC /* main.m in Sources */,
			);
			runOnlyForDeploymentPostprocessing = 0;
		};
/* End PBXSourcesBuildPhase section */

/* Begin PBXVariantGroup section */
		127E7D581DEE5B0D0003FBBC /* Main.storyboard */ = {
			isa = PBXVariantGroup;
			children = (
				127E7D591DEE5B0D0003FBBC /* Base */,
			);
			name = Main.storyboard;
			sourceTree = "<group>";
		};
		127E7D5D1DEE5B0D0003FBBC /* LaunchScreen.storyboard */ = {
			isa = PBXVariantGroup;
			children = (
				127E7D5E1DEE5B0D0003FBBC /* Base */,
			);
			name = LaunchScreen.storyboard;
			sourceTree = "<group>";
		};
/* End PBXVariantGroup section */

/* Begin XCBuildConfiguration section */
		127E7D611DEE5B0D0003FBBC /* Debug */ = {
			isa = XCBuildConfiguration;
			buildSettings = {
				ALWAYS_SEARCH_USER_PATHS = NO;
				CLANG_ANALYZER_NONNULL = YES;
				CLANG_CXX_LANGUAGE_STANDARD = "gnu++0x";
				CLANG_CXX_LIBRARY = "libc++";
				CLANG_ENABLE_MODULES = YES;
				CLANG_ENABLE_OBJC_ARC = YES;
				CLANG_WARN_BOOL_CONVERSION = YES;
				CLANG_WARN_CONSTANT_CONVERSION = YES;
				CLANG_WARN_DIRECT_OBJC_ISA_USAGE = YES_ERROR;
				CLANG_WARN_DOCUMENTATION_COMMENTS = YES;
				CLANG_WARN_EMPTY_BODY = YES;
				CLANG_WARN_ENUM_CONVERSION = YES;
				CLANG_WARN_INFINITE_RECURSION = YES;
				CLANG_WARN_INT_CONVERSION = YES;
				CLANG_WARN_OBJC_ROOT_CLASS = YES_ERROR;
				CLANG_WARN_SUSPICIOUS_MOVES = YES;
				CLANG_WARN_UNREACHABLE_CODE = YES;
				CLANG_WARN__DUPLICATE_METHOD_MATCH = YES;
				"CODE_SIGN_IDENTITY[sdk=iphoneos*]" = "iPhone Developer";
				COPY_PHASE_STRIP = NO;
				DEBUG_INFORMATION_FORMAT = dwarf;
				ENABLE_STRICT_OBJC_MSGSEND = YES;
				ENABLE_TESTABILITY = YES;
				GCC_C_LANGUAGE_STANDARD = gnu99;
				GCC_DYNAMIC_NO_PIC = NO;
				GCC_NO_COMMON_BLOCKS = YES;
				GCC_OPTIMIZATION_LEVEL = 0;
				GCC_PREPROCESSOR_DEFINITIONS = (
					"DEBUG=1",
					"$(inherited)",
				);
				GCC_WARN_64_TO_32_BIT_CONVERSION = YES;
				GCC_WARN_ABOUT_RETURN_TYPE = YES_ERROR;
				GCC_WARN_UNDECLARED_SELECTOR = YES;
				GCC_WARN_UNINITIALIZED_AUTOS = YES_AGGRESSIVE;
				GCC_WARN_UNUSED_FUNCTION = YES;
				GCC_WARN_UNUSED_VARIABLE = YES;
				IPHONEOS_DEPLOYMENT_TARGET = 10.0;
				MTL_ENABLE_DEBUG_INFO = YES;
				ONLY_ACTIVE_ARCH = YES;
				SDKROOT = iphoneos;
				TARGETED_DEVICE_FAMILY = "1,2";
			};
			name = Debug;
		};
		127E7D621DEE5B0D0003FBBC /* Release */ = {
			isa = XCBuildConfiguration;
			buildSettings = {
				ALWAYS_SEARCH_USER_PATHS = NO;
				CLANG_ANALYZER_NONNULL = YES;
				CLANG_CXX_LANGUAGE_STANDARD = "gnu++0x";
				CLANG_CXX_LIBRARY = "libc++";
				CLANG_ENABLE_MODULES = YES;
				CLANG_ENABLE_OBJC_ARC = YES;
				CLANG_WARN_BOOL_CONVERSION = YES;
				CLANG_WARN_CONSTANT_CONVERSION = YES;
				CLANG_WARN_DIRECT_OBJC_ISA_USAGE = YES_ERROR;
				CLANG_WARN_DOCUMENTATION_COMMENTS = YES;
				CLANG_WARN_EMPTY_BODY = YES;
				CLANG_WARN_ENUM_CONVERSION = YES;
				CLANG_WARN_INFINITE_RECURSION = YES;
				CLANG_WARN_INT_CONVERSION = YES;
				CLANG_WARN_OBJC_ROOT_CLASS = YES_ERROR;
				CLANG_WARN_SUSPICIOUS_MOVES = YES;
				CLANG_WARN_UNREACHABLE_CODE = YES;
				CLANG_WARN__DUPLICATE_METHOD_MATCH = YES;
				"CODE_SIGN_IDENTITY[sdk=iphoneos*]" = "iPhone Developer";
				COPY_PHASE_STRIP = NO;
				DEBUG_INFORMATION_FORMAT = "dwarf-with-dsym";
				ENABLE_NS_ASSERTIONS = NO;
				ENABLE_STRICT_OBJC_MSGSEND = YES;
				GCC_C_LANGUAGE_STANDARD = gnu99;
				GCC_NO_COMMON_BLOCKS = YES;
				GCC_WARN_64_TO_32_BIT_CONVERSION = YES;
				GCC_WARN_ABOUT_RETURN_TYPE = YES_ERROR;
				GCC_WARN_UNDECLARED_SELECTOR = YES;
				GCC_WARN_UNINITIALIZED_AUTOS = YES_AGGRESSIVE;
				GCC_WARN_UNUSED_FUNCTION = YES;
				GCC_WARN_UNUSED_VARIABLE = YES;
				IPHONEOS_DEPLOYMENT_TARGET = 10.0;
				MTL_ENABLE_DEBUG_INFO = NO;
				SDKROOT = iphoneos;
				TARGETED_DEVICE_FAMILY = "1,2";
				VALIDATE_PRODUCT = YES;
			};
			name = Release;
		};
		127E7D641DEE5B0D0003FBBC /* Debug */ = {
			isa = XCBuildConfiguration;
			buildSettings = {
				ASSETCATALOG_COMPILER_APPICON_NAME = AppIcon;
				DEVELOPMENT_TEAM = T6R7E23BTG;
				INFOPLIST_FILE = DatePicker/Info.plist;
				LD_RUNPATH_SEARCH_PATHS = "$(inherited) @executable_path/Frameworks";
				PRODUCT_BUNDLE_IDENTIFIER = com.yxt.DatePicker;
				PRODUCT_NAME = "$(TARGET_NAME)";
			};
			name = Debug;
		};
		127E7D651DEE5B0D0003FBBC /* Release */ = {
			isa = XCBuildConfiguration;
			buildSettings = {
				ASSETCATALOG_COMPILER_APPICON_NAME = AppIcon;
				DEVELOPMENT_TEAM = T6R7E23BTG;
				INFOPLIST_FILE = DatePicker/Info.plist;
				LD_RUNPATH_SEARCH_PATHS = "$(inherited) @executable_path/Frameworks";
				PRODUCT_BUNDLE_IDENTIFIER = com.yxt.DatePicker;
				PRODUCT_NAME = "$(TARGET_NAME)";
			};
			name = Release;
		};
/* End XCBuildConfiguration section */

/* Begin XCConfigurationList section */
		127E7D471DEE5B0D0003FBBC /* Build configuration list for PBXProject "DatePicker" */ = {
			isa = XCConfigurationList;
			buildConfigurations = (
				127E7D611DEE5B0D0003FBBC /* Debug */,
				127E7D621DEE5B0D0003FBBC /* Release */,
			);
			defaultConfigurationIsVisible = 0;
			defaultConfigurationName = Release;
		};
		127E7D631DEE5B0D0003FBBC /* Build configuration list for PBXNativeTarget "DatePicker" */ = {
			isa = XCConfigurationList;
			buildConfigurations = (
				127E7D641DEE5B0D0003FBBC /* Debug */,
				127E7D651DEE5B0D0003FBBC /* Release */,
			);
			defaultConfigurationIsVisible = 0;
		};
/* End XCConfigurationList section */
	};
	rootObject = 127E7D441DEE5B0D0003FBBC /* Project object */;
}
